
Microsoft Visual Studio Solution File, Format Version 12.00
# Visual Studio 15
VisualStudioVersion = 15.0.26228.9
MinimumVisualStudioVersion = 10.0.40219.1
Project("{8BC9CEB8-8B4A-11D0-8D11-00A0C91BC942}") = "PROG Projeto 1 - Parte 1", "PROG Projeto 1 - Parte 1\PROG Projeto 1 - Parte 1.vcxproj", "{ED9553AF-9D6A-4926-BA7D-62816C0EF610}"
EndProject
Global
	GlobalSection(SolutionConfigurationPlatforms) = preSolution
		Debug|x64 = Debug|x64
		Debug|x86 = Debug|x86
		Release|x64 = Release|x64
		Release|x86 = Release|x86
	EndGlobalSection
	GlobalSection(ProjectConfigurationPlatforms) = postSolution
		{ED9553AF-9D6A-4926-BA7D-62816C0EF610}.Debug|x64.ActiveCfg = Debug|x64
		{ED9553AF-9D6A-4926-BA7D-62816C0EF610}.Debug|x64.Build.0 = Debug|x64
		{ED9553AF-9D6A-4926-BA7D-62816C0EF610}.Debug|x86.ActiveCfg = Debug|Win32
		{ED9553AF-9D6A-4926-BA7D-62816C0EF610}.Debug|x86.Build.0 = Debug|Win32
		{ED9553AF-9D6A-4926-BA7D-62816C0EF610}.Release|x64.ActiveCfg = Release|x64
		{ED9553AF-9D6A-4926-BA7D-62816C0EF610}.Release|x64.Build.0 = Release|x64
		{ED9553AF-9D6A-4926-BA7D-62816C0EF610}.Release|x86.ActiveCfg = Release|Win32
		{ED9553AF-9D6A-4926-BA7D-62816C0EF610}.Release|x86.Build.0 = Release|Win32
	EndGlobalSection
	GlobalSection(SolutionProperties) = preSolution
		HideSolutionNode = FALSE
	EndGlobalSection
EndGlobal
